
Microsoft Visual Studio Solution File, Format Version 12.00
# Visual Studio Version 17
VisualStudioVersion = 17.0.31903.59
MinimumVisualStudioVersion = 10.0.40219.1
Project("{2150E333-8FDC-42A3-9474-1A3956D46DE8}") = "src", "src", "{E6C0A80B-5ADC-4138-A79D-C9C128EA163B}"
EndProject
Project("{FAE04EC0-301F-11D3-BF4B-00C04F79EFBC}") = "Order.Api", "src\Order.Api\Order.Api.csproj", "{0B9F7D22-2A37-4EB6-A410-32BA01213D2A}"
EndProject
Project("{FAE04EC0-301F-11D3-BF4B-00C04F79EFBC}") = "Order.Application", "src\Order.Application\Order.Application.csproj", "{387688C4-17C9-4BDC-A144-4A53CD73C931}"
EndProject
Project("{FAE04EC0-301F-11D3-BF4B-00C04F79EFBC}") = "Order.Domain", "src\Order.Domain\Order.Domain.csproj", "{E1DF54B6-BF5F-43F0-8E52-6398C68FB5E5}"
EndProject
Project("{FAE04EC0-301F-11D3-BF4B-00C04F79EFBC}") = "Order.Infrastructure", "src\Order.Infrastructure\Order.Infrastructure.csproj", "{7D84EEE6-905F-4356-B927-60F2686406C9}"
EndProject
Project("{FAE04EC0-301F-11D3-BF4B-00C04F79EFBC}") = "Order.Shared", "src\Order.Shared\Order.Shared.csproj", "{C5BC7948-018F-472A-ACEE-DB2B951BE530}"
EndProject
Global
	GlobalSection(SolutionConfigurationPlatforms) = preSolution
		Debug|Any CPU = Debug|Any CPU
		Release|Any CPU = Release|Any CPU
	EndGlobalSection
	GlobalSection(SolutionProperties) = preSolution
		HideSolutionNode = FALSE
	EndGlobalSection
	GlobalSection(ProjectConfigurationPlatforms) = postSolution
		{0B9F7D22-2A37-4EB6-A410-32BA01213D2A}.Debug|Any CPU.ActiveCfg = Debug|Any CPU
		{0B9F7D22-2A37-4EB6-A410-32BA01213D2A}.Debug|Any CPU.Build.0 = Debug|Any CPU
		{0B9F7D22-2A37-4EB6-A410-32BA01213D2A}.Release|Any CPU.ActiveCfg = Release|Any CPU
		{0B9F7D22-2A37-4EB6-A410-32BA01213D2A}.Release|Any CPU.Build.0 = Release|Any CPU
		{387688C4-17C9-4BDC-A144-4A53CD73C931}.Debug|Any CPU.ActiveCfg = Debug|Any CPU
		{387688C4-17C9-4BDC-A144-4A53CD73C931}.Debug|Any CPU.Build.0 = Debug|Any CPU
		{387688C4-17C9-4BDC-A144-4A53CD73C931}.Release|Any CPU.ActiveCfg = Release|Any CPU
		{387688C4-17C9-4BDC-A144-4A53CD73C931}.Release|Any CPU.Build.0 = Release|Any CPU
		{E1DF54B6-BF5F-43F0-8E52-6398C68FB5E5}.Debug|Any CPU.ActiveCfg = Debug|Any CPU
		{E1DF54B6-BF5F-43F0-8E52-6398C68FB5E5}.Debug|Any CPU.Build.0 = Debug|Any CPU
		{E1DF54B6-BF5F-43F0-8E52-6398C68FB5E5}.Release|Any CPU.ActiveCfg = Release|Any CPU
		{E1DF54B6-BF5F-43F0-8E52-6398C68FB5E5}.Release|Any CPU.Build.0 = Release|Any CPU
		{7D84EEE6-905F-4356-B927-60F2686406C9}.Debug|Any CPU.ActiveCfg = Debug|Any CPU
		{7D84EEE6-905F-4356-B927-60F2686406C9}.Debug|Any CPU.Build.0 = Debug|Any CPU
		{7D84EEE6-905F-4356-B927-60F2686406C9}.Release|Any CPU.ActiveCfg = Release|Any CPU
		{7D84EEE6-905F-4356-B927-60F2686406C9}.Release|Any CPU.Build.0 = Release|Any CPU
		{C5BC7948-018F-472A-ACEE-DB2B951BE530}.Debug|Any CPU.ActiveCfg = Debug|Any CPU
		{C5BC7948-018F-472A-ACEE-DB2B951BE530}.Debug|Any CPU.Build.0 = Debug|Any CPU
		{C5BC7948-018F-472A-ACEE-DB2B951BE530}.Release|Any CPU.ActiveCfg = Release|Any CPU
		{C5BC7948-018F-472A-ACEE-DB2B951BE530}.Release|Any CPU.Build.0 = Release|Any CPU
	EndGlobalSection
	GlobalSection(NestedProjects) = preSolution
		{0B9F7D22-2A37-4EB6-A410-32BA01213D2A} = {E6C0A80B-5ADC-4138-A79D-C9C128EA163B}
		{387688C4-17C9-4BDC-A144-4A53CD73C931} = {E6C0A80B-5ADC-4138-A79D-C9C128EA163B}
		{E1DF54B6-BF5F-43F0-8E52-6398C68FB5E5} = {E6C0A80B-5ADC-4138-A79D-C9C128EA163B}
		{7D84EEE6-905F-4356-B927-60F2686406C9} = {E6C0A80B-5ADC-4138-A79D-C9C128EA163B}
		{C5BC7948-018F-472A-ACEE-DB2B951BE530} = {E6C0A80B-5ADC-4138-A79D-C9C128EA163B}
	EndGlobalSection
EndGlobal
